
Microsoft Visual Studio Solution File, Format Version 12.00
# Visual Studio Version 17
VisualStudioVersion = 17.11.35312.102
MinimumVisualStudioVersion = 10.0.40219.1
Project("{2150E333-8FDC-42A3-9474-1A3956D46DE8}") = "Services", "Services", "{256661BB-F264-44F8-ADA0-806263A84A31}"
EndProject
Project("{2150E333-8FDC-42A3-9474-1A3956D46DE8}") = "Catalog", "Catalog", "{D8D18C43-09F5-439C-8B90-04FCB45A9BD7}"
EndProject
Project("{9A19103F-16F7-4668-BE54-9A1E7A4F7556}") = "MultiShop.Catalog", "Services\Catalog\MultiShop.Catalog\MultiShop.Catalog.csproj", "{4B2C7C09-DFB7-4D87-8C57-BE8BFC1B05D0}"
EndProject
Project("{2150E333-8FDC-42A3-9474-1A3956D46DE8}") = "Discount", "Discount", "{ABD0833C-1AF1-467F-8444-CD932EE07406}"
EndProject
Project("{9A19103F-16F7-4668-BE54-9A1E7A4F7556}") = "MultiShop.Discount", "Services\Discount\MultiShop.Discount\MultiShop.Discount.csproj", "{146ADCC8-0A2A-4AD9-A118-D366DE749E6B}"
EndProject
Project("{2150E333-8FDC-42A3-9474-1A3956D46DE8}") = "Order", "Order", "{4883110C-B820-469E-A291-2575D393CAFB}"
EndProject
Project("{2150E333-8FDC-42A3-9474-1A3956D46DE8}") = "Core", "Core", "{B7B134D4-0E88-4024-94CD-4B7925AF4821}"
EndProject
Project("{2150E333-8FDC-42A3-9474-1A3956D46DE8}") = "Infrastructure", "Infrastructure", "{8B4CB39E-7868-4BD3-8FC1-1CBA22ED23F5}"
EndProject
Project("{2150E333-8FDC-42A3-9474-1A3956D46DE8}") = "Presentation", "Presentation", "{0D9F6D85-1FC8-4372-8D93-014DE3565A91}"
EndProject
Project("{9A19103F-16F7-4668-BE54-9A1E7A4F7556}") = "MultiShop.Order.Domain", "Services\Order\Core\MultiShop.Order.Domain\MultiShop.Order.Domain.csproj", "{4F510191-0E4E-4B0B-9133-2634A31393D7}"
EndProject
Project("{9A19103F-16F7-4668-BE54-9A1E7A4F7556}") = "MultiShop.Order.Application", "Services\Order\Core\MultiShop.Order.Application\MultiShop.Order.Application.csproj", "{73390F96-6DB9-439C-9A31-1D3705C625D3}"
EndProject
Project("{9A19103F-16F7-4668-BE54-9A1E7A4F7556}") = "MultiShop.Order.Persistence", "Services\Order\Infrastructure\MultiShop.Order.Persistence\MultiShop.Order.Persistence.csproj", "{340717B6-3F8E-45A7-9F72-82580B7CCD29}"
EndProject
Project("{9A19103F-16F7-4668-BE54-9A1E7A4F7556}") = "MultiShop.Order.WebApi", "Services\Order\Presentation\MultiShop.Order.WebApi\MultiShop.Order.WebApi.csproj", "{607E84F3-A7D9-41BA-A6D1-99A1001729F1}"
EndProject
Project("{2150E333-8FDC-42A3-9474-1A3956D46DE8}") = "IdentityServer", "IdentityServer", "{3C54E491-6D01-42F1-A0E6-804CC5D2B1DA}"
EndProject
Project("{9A19103F-16F7-4668-BE54-9A1E7A4F7556}") = "MultiShop.IdentityServer", "IdentityServer\MultiShop.IdentityServer\MultiShop.IdentityServer.csproj", "{17AEF87D-223E-46C3-B688-587A0B8039EA}"
EndProject
Project("{2150E333-8FDC-42A3-9474-1A3956D46DE8}") = "Solution Items", "Solution Items", "{4EA54206-E706-4148-A47D-275DB96F8F1B}"
	ProjectSection(SolutionItems) = preProject
		LoginIndex.txt = LoginIndex.txt
		OcelotCodeExample.txt = OcelotCodeExample.txt
		PortNumbers.txt = PortNumbers.txt
	EndProjectSection
EndProject
Project("{2150E333-8FDC-42A3-9474-1A3956D46DE8}") = "Cargo", "Cargo", "{49EA8715-15AA-459E-853A-0928F6E1823B}"
EndProject
Project("{9A19103F-16F7-4668-BE54-9A1E7A4F7556}") = "MultiShop.Cargo.BusinessLayer", "Services\Cargo\MultiShop.Cargo.BusinessLayer\MultiShop.Cargo.BusinessLayer.csproj", "{28357BD2-5AD8-4E59-8D11-9678D654D6FF}"
EndProject
Project("{9A19103F-16F7-4668-BE54-9A1E7A4F7556}") = "MultiShop.Cargo.EntityLayer", "Services\Cargo\MultiShop.Cargo.EntityLayer\MultiShop.Cargo.EntityLayer.csproj", "{D89006AF-441B-47AE-9643-239713B8C014}"
EndProject
Project("{9A19103F-16F7-4668-BE54-9A1E7A4F7556}") = "MultiShop.Cargo.DataAccessLayer", "Services\Cargo\MultiShop.Cargo.DataAccessLayer\MultiShop.Cargo.DataAccessLayer.csproj", "{4D40B8D5-6A8E-48AE-AEDC-A37F272CDBAF}"
EndProject
Project("{9A19103F-16F7-4668-BE54-9A1E7A4F7556}") = "MultiShop.Cargo.DtoLayer", "Services\Cargo\MultiShop.Cargo.DtoLayer\MultiShop.Cargo.DtoLayer.csproj", "{BBD944A7-3416-410A-80B1-36C276C76B94}"
EndProject
Project("{9A19103F-16F7-4668-BE54-9A1E7A4F7556}") = "MultiShop.Cargo.WebApi", "Services\Cargo\MultiShop.Cargo.WebApi\MultiShop.Cargo.WebApi.csproj", "{AA134C1F-0DC3-43AD-AD96-6BA796B69ADB}"
EndProject
Project("{2150E333-8FDC-42A3-9474-1A3956D46DE8}") = "Basket", "Basket", "{2E13E42A-0232-41D5-9D20-FC5C2D9C0C79}"
EndProject
Project("{9A19103F-16F7-4668-BE54-9A1E7A4F7556}") = "MultiShop.Basket", "Services\Basket\MultiShop.Basket\MultiShop.Basket.csproj", "{D568A6E7-CD04-47A3-BD8E-03A62AF91DD4}"
EndProject
Project("{2150E333-8FDC-42A3-9474-1A3956D46DE8}") = "Frontends", "Frontends", "{AB871561-031C-4D42-BF6F-DEE0BA47EF8D}"
EndProject
Project("{9A19103F-16F7-4668-BE54-9A1E7A4F7556}") = "MultiShop.WebUI", "Frontends\MultiShop.WebUI\MultiShop.WebUI.csproj", "{6C5BC159-42FC-48E4-9432-241C83D85573}"
EndProject
Project("{9A19103F-16F7-4668-BE54-9A1E7A4F7556}") = "MultiShop.DtoLayer", "Frontends\MultiShop.DtoLayer\MultiShop.DtoLayer.csproj", "{5548B2E6-3553-46B0-A7E9-3F2CBB8F49D0}"
EndProject
Project("{2150E333-8FDC-42A3-9474-1A3956D46DE8}") = "Comment", "Comment", "{836FA67A-6A01-4541-A5AD-E07421F15D9F}"
EndProject
Project("{9A19103F-16F7-4668-BE54-9A1E7A4F7556}") = "MultiShop.Comment", "Services\Comment\MultiShop.Comment\MultiShop.Comment.csproj", "{27B5C204-5590-449C-BA2F-013B8C403676}"
EndProject
Project("{2150E333-8FDC-42A3-9474-1A3956D46DE8}") = "ApiGateway", "ApiGateway", "{834B1B2B-CFD9-40DB-859D-785E60F26DF1}"
EndProject
Project("{9A19103F-16F7-4668-BE54-9A1E7A4F7556}") = "MultiShop.OcelotGateway", "ApiGateway\MultiShop.OcelotGateway\MultiShop.OcelotGateway.csproj", "{A190252A-38BC-41FE-8307-6333C02BFAEC}"
EndProject
Project("{2150E333-8FDC-42A3-9474-1A3956D46DE8}") = "Payment", "Payment", "{17559365-7729-4E56-A165-6981032DF26B}"
EndProject
Project("{9A19103F-16F7-4668-BE54-9A1E7A4F7556}") = "MultiShop.Payment", "Services\Payment\MultiShop.Payment\MultiShop.Payment.csproj", "{AED21426-29ED-4B4E-964C-06D1190B9025}"
EndProject
Project("{2150E333-8FDC-42A3-9474-1A3956D46DE8}") = "Images", "Images", "{6FE0CBA3-9D43-4E6B-A973-33E54EF217B7}"
EndProject
Project("{9A19103F-16F7-4668-BE54-9A1E7A4F7556}") = "MultiShop.Images", "Services\Images\MultiShop.Images\MultiShop.Images.csproj", "{5A59F319-BB51-49F8-9AF0-7E6C8E235709}"
EndProject
Project("{2150E333-8FDC-42A3-9474-1A3956D46DE8}") = "Message", "Message", "{3CE87493-2593-4829-98A3-D6C73936A88A}"
EndProject
Project("{9A19103F-16F7-4668-BE54-9A1E7A4F7556}") = "MultiShop.Message", "Services\Message\MultiShop.Message\MultiShop.Message.csproj", "{E9FF3A7D-B7D8-4468-891C-01163A95B6EC}"
EndProject
Project("{2150E333-8FDC-42A3-9474-1A3956D46DE8}") = "SignalRRealTime", "SignalRRealTime", "{E581E06B-303F-4A6B-86F0-66D7F7C0B1CE}"
EndProject
Project("{9A19103F-16F7-4668-BE54-9A1E7A4F7556}") = "MultiShop.SignalRRealTimeApi", "Services\SignalRRealTime\MultiShop.SignalRRealTimeApi\MultiShop.SignalRRealTimeApi.csproj", "{4CE56CB8-A7FE-4068-8945-8355D2AB6AB6}"
EndProject
Project("{9A19103F-16F7-4668-BE54-9A1E7A4F7556}") = "MultiShop.Images.WebUI", "Services\Images\MultiShop.Images.WebUI\MultiShop.Images.WebUI.csproj", "{CAAE0441-653C-4A09-82DC-8EB21B61B927}"
EndProject
Project("{2150E333-8FDC-42A3-9474-1A3956D46DE8}") = "RabbitMQMessage", "RabbitMQMessage", "{8E3E0758-A6AE-498C-B8A2-9D8CFAB57491}"
EndProject
Project("{FAE04EC0-301F-11D3-BF4B-00C04F79EFBC}") = "MultiShop.RabbitMQMessageApi", "Services\RabbitMQMessage\MultiShop.RabbitMQMessageApi\MultiShop.RabbitMQMessageApi.csproj", "{7C189C24-682E-423D-A268-60CAC89B6EDB}"
EndProject
Project("{2150E333-8FDC-42A3-9474-1A3956D46DE8}") = "RapidApi", "RapidApi", "{2A3C623F-40D1-4431-8CCC-05A90224FD50}"
EndProject
Project("{FAE04EC0-301F-11D3-BF4B-00C04F79EFBC}") = "MultiShop.RapidApiWebUI", "RapidApi\MultiShop.RapidApiWebUI\MultiShop.RapidApiWebUI.csproj", "{64D3D5E4-5ED7-45E7-97A4-15F5EE75148A}"
EndProject
Global
	GlobalSection(SolutionConfigurationPlatforms) = preSolution
		Debug|Any CPU = Debug|Any CPU
		Release|Any CPU = Release|Any CPU
	EndGlobalSection
	GlobalSection(ProjectConfigurationPlatforms) = postSolution
		{4B2C7C09-DFB7-4D87-8C57-BE8BFC1B05D0}.Debug|Any CPU.ActiveCfg = Debug|Any CPU
		{4B2C7C09-DFB7-4D87-8C57-BE8BFC1B05D0}.Debug|Any CPU.Build.0 = Debug|Any CPU
		{4B2C7C09-DFB7-4D87-8C57-BE8BFC1B05D0}.Release|Any CPU.ActiveCfg = Release|Any CPU
		{4B2C7C09-DFB7-4D87-8C57-BE8BFC1B05D0}.Release|Any CPU.Build.0 = Release|Any CPU
		{146ADCC8-0A2A-4AD9-A118-D366DE749E6B}.Debug|Any CPU.ActiveCfg = Debug|Any CPU
		{146ADCC8-0A2A-4AD9-A118-D366DE749E6B}.Debug|Any CPU.Build.0 = Debug|Any CPU
		{146ADCC8-0A2A-4AD9-A118-D366DE749E6B}.Release|Any CPU.ActiveCfg = Release|Any CPU
		{146ADCC8-0A2A-4AD9-A118-D366DE749E6B}.Release|Any CPU.Build.0 = Release|Any CPU
		{4F510191-0E4E-4B0B-9133-2634A31393D7}.Debug|Any CPU.ActiveCfg = Debug|Any CPU
		{4F510191-0E4E-4B0B-9133-2634A31393D7}.Debug|Any CPU.Build.0 = Debug|Any CPU
		{4F510191-0E4E-4B0B-9133-2634A31393D7}.Release|Any CPU.ActiveCfg = Release|Any CPU
		{4F510191-0E4E-4B0B-9133-2634A31393D7}.Release|Any CPU.Build.0 = Release|Any CPU
		{73390F96-6DB9-439C-9A31-1D3705C625D3}.Debug|Any CPU.ActiveCfg = Debug|Any CPU
		{73390F96-6DB9-439C-9A31-1D3705C625D3}.Debug|Any CPU.Build.0 = Debug|Any CPU
		{73390F96-6DB9-439C-9A31-1D3705C625D3}.Release|Any CPU.ActiveCfg = Release|Any CPU
		{73390F96-6DB9-439C-9A31-1D3705C625D3}.Release|Any CPU.Build.0 = Release|Any CPU
		{340717B6-3F8E-45A7-9F72-82580B7CCD29}.Debug|Any CPU.ActiveCfg = Debug|Any CPU
		{340717B6-3F8E-45A7-9F72-82580B7CCD29}.Debug|Any CPU.Build.0 = Debug|Any CPU
		{340717B6-3F8E-45A7-9F72-82580B7CCD29}.Release|Any CPU.ActiveCfg = Release|Any CPU
		{340717B6-3F8E-45A7-9F72-82580B7CCD29}.Release|Any CPU.Build.0 = Release|Any CPU
		{607E84F3-A7D9-41BA-A6D1-99A1001729F1}.Debug|Any CPU.ActiveCfg = Debug|Any CPU
		{607E84F3-A7D9-41BA-A6D1-99A1001729F1}.Debug|Any CPU.Build.0 = Debug|Any CPU
		{607E84F3-A7D9-41BA-A6D1-99A1001729F1}.Release|Any CPU.ActiveCfg = Release|Any CPU
		{607E84F3-A7D9-41BA-A6D1-99A1001729F1}.Release|Any CPU.Build.0 = Release|Any CPU
		{17AEF87D-223E-46C3-B688-587A0B8039EA}.Debug|Any CPU.ActiveCfg = Debug|Any CPU
		{17AEF87D-223E-46C3-B688-587A0B8039EA}.Debug|Any CPU.Build.0 = Debug|Any CPU
		{17AEF87D-223E-46C3-B688-587A0B8039EA}.Release|Any CPU.ActiveCfg = Release|Any CPU
		{17AEF87D-223E-46C3-B688-587A0B8039EA}.Release|Any CPU.Build.0 = Release|Any CPU
		{28357BD2-5AD8-4E59-8D11-9678D654D6FF}.Debug|Any CPU.ActiveCfg = Debug|Any CPU
		{28357BD2-5AD8-4E59-8D11-9678D654D6FF}.Debug|Any CPU.Build.0 = Debug|Any CPU
		{28357BD2-5AD8-4E59-8D11-9678D654D6FF}.Release|Any CPU.ActiveCfg = Release|Any CPU
		{28357BD2-5AD8-4E59-8D11-9678D654D6FF}.Release|Any CPU.Build.0 = Release|Any CPU
		{D89006AF-441B-47AE-9643-239713B8C014}.Debug|Any CPU.ActiveCfg = Debug|Any CPU
		{D89006AF-441B-47AE-9643-239713B8C014}.Debug|Any CPU.Build.0 = Debug|Any CPU
		{D89006AF-441B-47AE-9643-239713B8C014}.Release|Any CPU.ActiveCfg = Release|Any CPU
		{D89006AF-441B-47AE-9643-239713B8C014}.Release|Any CPU.Build.0 = Release|Any CPU
		{4D40B8D5-6A8E-48AE-AEDC-A37F272CDBAF}.Debug|Any CPU.ActiveCfg = Debug|Any CPU
		{4D40B8D5-6A8E-48AE-AEDC-A37F272CDBAF}.Debug|Any CPU.Build.0 = Debug|Any CPU
		{4D40B8D5-6A8E-48AE-AEDC-A37F272CDBAF}.Release|Any CPU.ActiveCfg = Release|Any CPU
		{4D40B8D5-6A8E-48AE-AEDC-A37F272CDBAF}.Release|Any CPU.Build.0 = Release|Any CPU
		{BBD944A7-3416-410A-80B1-36C276C76B94}.Debug|Any CPU.ActiveCfg = Debug|Any CPU
		{BBD944A7-3416-410A-80B1-36C276C76B94}.Debug|Any CPU.Build.0 = Debug|Any CPU
		{BBD944A7-3416-410A-80B1-36C276C76B94}.Release|Any CPU.ActiveCfg = Release|Any CPU
		{BBD944A7-3416-410A-80B1-36C276C76B94}.Release|Any CPU.Build.0 = Release|Any CPU
		{AA134C1F-0DC3-43AD-AD96-6BA796B69ADB}.Debug|Any CPU.ActiveCfg = Debug|Any CPU
		{AA134C1F-0DC3-43AD-AD96-6BA796B69ADB}.Debug|Any CPU.Build.0 = Debug|Any CPU
		{AA134C1F-0DC3-43AD-AD96-6BA796B69ADB}.Release|Any CPU.ActiveCfg = Release|Any CPU
		{AA134C1F-0DC3-43AD-AD96-6BA796B69ADB}.Release|Any CPU.Build.0 = Release|Any CPU
		{D568A6E7-CD04-47A3-BD8E-03A62AF91DD4}.Debug|Any CPU.ActiveCfg = Debug|Any CPU
		{D568A6E7-CD04-47A3-BD8E-03A62AF91DD4}.Debug|Any CPU.Build.0 = Debug|Any CPU
		{D568A6E7-CD04-47A3-BD8E-03A62AF91DD4}.Release|Any CPU.ActiveCfg = Release|Any CPU
		{D568A6E7-CD04-47A3-BD8E-03A62AF91DD4}.Release|Any CPU.Build.0 = Release|Any CPU
		{6C5BC159-42FC-48E4-9432-241C83D85573}.Debug|Any CPU.ActiveCfg = Debug|Any CPU
		{6C5BC159-42FC-48E4-9432-241C83D85573}.Debug|Any CPU.Build.0 = Debug|Any CPU
		{6C5BC159-42FC-48E4-9432-241C83D85573}.Release|Any CPU.ActiveCfg = Release|Any CPU
		{6C5BC159-42FC-48E4-9432-241C83D85573}.Release|Any CPU.Build.0 = Release|Any CPU
		{5548B2E6-3553-46B0-A7E9-3F2CBB8F49D0}.Debug|Any CPU.ActiveCfg = Debug|Any CPU
		{5548B2E6-3553-46B0-A7E9-3F2CBB8F49D0}.Debug|Any CPU.Build.0 = Debug|Any CPU
		{5548B2E6-3553-46B0-A7E9-3F2CBB8F49D0}.Release|Any CPU.ActiveCfg = Release|Any CPU
		{5548B2E6-3553-46B0-A7E9-3F2CBB8F49D0}.Release|Any CPU.Build.0 = Release|Any CPU
		{27B5C204-5590-449C-BA2F-013B8C403676}.Debug|Any CPU.ActiveCfg = Debug|Any CPU
		{27B5C204-5590-449C-BA2F-013B8C403676}.Debug|Any CPU.Build.0 = Debug|Any CPU
		{27B5C204-5590-449C-BA2F-013B8C403676}.Release|Any CPU.ActiveCfg = Release|Any CPU
		{27B5C204-5590-449C-BA2F-013B8C403676}.Release|Any CPU.Build.0 = Release|Any CPU
		{A190252A-38BC-41FE-8307-6333C02BFAEC}.Debug|Any CPU.ActiveCfg = Debug|Any CPU
		{A190252A-38BC-41FE-8307-6333C02BFAEC}.Debug|Any CPU.Build.0 = Debug|Any CPU
		{A190252A-38BC-41FE-8307-6333C02BFAEC}.Release|Any CPU.ActiveCfg = Release|Any CPU
		{A190252A-38BC-41FE-8307-6333C02BFAEC}.Release|Any CPU.Build.0 = Release|Any CPU
		{AED21426-29ED-4B4E-964C-06D1190B9025}.Debug|Any CPU.ActiveCfg = Debug|Any CPU
		{AED21426-29ED-4B4E-964C-06D1190B9025}.Debug|Any CPU.Build.0 = Debug|Any CPU
		{AED21426-29ED-4B4E-964C-06D1190B9025}.Release|Any CPU.ActiveCfg = Release|Any CPU
		{AED21426-29ED-4B4E-964C-06D1190B9025}.Release|Any CPU.Build.0 = Release|Any CPU
		{5A59F319-BB51-49F8-9AF0-7E6C8E235709}.Debug|Any CPU.ActiveCfg = Debug|Any CPU
		{5A59F319-BB51-49F8-9AF0-7E6C8E235709}.Debug|Any CPU.Build.0 = Debug|Any CPU
		{5A59F319-BB51-49F8-9AF0-7E6C8E235709}.Release|Any CPU.ActiveCfg = Release|Any CPU
		{5A59F319-BB51-49F8-9AF0-7E6C8E235709}.Release|Any CPU.Build.0 = Release|Any CPU
		{E9FF3A7D-B7D8-4468-891C-01163A95B6EC}.Debug|Any CPU.ActiveCfg = Debug|Any CPU
		{E9FF3A7D-B7D8-4468-891C-01163A95B6EC}.Debug|Any CPU.Build.0 = Debug|Any CPU
		{E9FF3A7D-B7D8-4468-891C-01163A95B6EC}.Release|Any CPU.ActiveCfg = Release|Any CPU
		{E9FF3A7D-B7D8-4468-891C-01163A95B6EC}.Release|Any CPU.Build.0 = Release|Any CPU
		{4CE56CB8-A7FE-4068-8945-8355D2AB6AB6}.Debug|Any CPU.ActiveCfg = Debug|Any CPU
		{4CE56CB8-A7FE-4068-8945-8355D2AB6AB6}.Debug|Any CPU.Build.0 = Debug|Any CPU
		{4CE56CB8-A7FE-4068-8945-8355D2AB6AB6}.Release|Any CPU.ActiveCfg = Release|Any CPU
		{4CE56CB8-A7FE-4068-8945-8355D2AB6AB6}.Release|Any CPU.Build.0 = Release|Any CPU
		{CAAE0441-653C-4A09-82DC-8EB21B61B927}.Debug|Any CPU.ActiveCfg = Debug|Any CPU
		{CAAE0441-653C-4A09-82DC-8EB21B61B927}.Debug|Any CPU.Build.0 = Debug|Any CPU
		{CAAE0441-653C-4A09-82DC-8EB21B61B927}.Release|Any CPU.ActiveCfg = Release|Any CPU
		{CAAE0441-653C-4A09-82DC-8EB21B61B927}.Release|Any CPU.Build.0 = Release|Any CPU
		{7C189C24-682E-423D-A268-60CAC89B6EDB}.Debug|Any CPU.ActiveCfg = Debug|Any CPU
		{7C189C24-682E-423D-A268-60CAC89B6EDB}.Debug|Any CPU.Build.0 = Debug|Any CPU
		{7C189C24-682E-423D-A268-60CAC89B6EDB}.Release|Any CPU.ActiveCfg = Release|Any CPU
		{7C189C24-682E-423D-A268-60CAC89B6EDB}.Release|Any CPU.Build.0 = Release|Any CPU
		{64D3D5E4-5ED7-45E7-97A4-15F5EE75148A}.Debug|Any CPU.ActiveCfg = Debug|Any CPU
		{64D3D5E4-5ED7-45E7-97A4-15F5EE75148A}.Debug|Any CPU.Build.0 = Debug|Any CPU
		{64D3D5E4-5ED7-45E7-97A4-15F5EE75148A}.Release|Any CPU.ActiveCfg = Release|Any CPU
		{64D3D5E4-5ED7-45E7-97A4-15F5EE75148A}.Release|Any CPU.Build.0 = Release|Any CPU
	EndGlobalSection
	GlobalSection(SolutionProperties) = preSolution
		HideSolutionNode = FALSE
	EndGlobalSection
	GlobalSection(NestedProjects) = preSolution
		{D8D18C43-09F5-439C-8B90-04FCB45A9BD7} = {256661BB-F264-44F8-ADA0-806263A84A31}
		{4B2C7C09-DFB7-4D87-8C57-BE8BFC1B05D0} = {D8D18C43-09F5-439C-8B90-04FCB45A9BD7}
		{ABD0833C-1AF1-467F-8444-CD932EE07406} = {256661BB-F264-44F8-ADA0-806263A84A31}
		{146ADCC8-0A2A-4AD9-A118-D366DE749E6B} = {ABD0833C-1AF1-467F-8444-CD932EE07406}
		{4883110C-B820-469E-A291-2575D393CAFB} = {256661BB-F264-44F8-ADA0-806263A84A31}
		{B7B134D4-0E88-4024-94CD-4B7925AF4821} = {4883110C-B820-469E-A291-2575D393CAFB}
		{8B4CB39E-7868-4BD3-8FC1-1CBA22ED23F5} = {4883110C-B820-469E-A291-2575D393CAFB}
		{0D9F6D85-1FC8-4372-8D93-014DE3565A91} = {4883110C-B820-469E-A291-2575D393CAFB}
		{4F510191-0E4E-4B0B-9133-2634A31393D7} = {B7B134D4-0E88-4024-94CD-4B7925AF4821}
		{73390F96-6DB9-439C-9A31-1D3705C625D3} = {B7B134D4-0E88-4024-94CD-4B7925AF4821}
		{340717B6-3F8E-45A7-9F72-82580B7CCD29} = {8B4CB39E-7868-4BD3-8FC1-1CBA22ED23F5}
		{607E84F3-A7D9-41BA-A6D1-99A1001729F1} = {0D9F6D85-1FC8-4372-8D93-014DE3565A91}
		{17AEF87D-223E-46C3-B688-587A0B8039EA} = {3C54E491-6D01-42F1-A0E6-804CC5D2B1DA}
		{49EA8715-15AA-459E-853A-0928F6E1823B} = {256661BB-F264-44F8-ADA0-806263A84A31}
		{28357BD2-5AD8-4E59-8D11-9678D654D6FF} = {49EA8715-15AA-459E-853A-0928F6E1823B}
		{D89006AF-441B-47AE-9643-239713B8C014} = {49EA8715-15AA-459E-853A-0928F6E1823B}
		{4D40B8D5-6A8E-48AE-AEDC-A37F272CDBAF} = {49EA8715-15AA-459E-853A-0928F6E1823B}
		{BBD944A7-3416-410A-80B1-36C276C76B94} = {49EA8715-15AA-459E-853A-0928F6E1823B}
		{AA134C1F-0DC3-43AD-AD96-6BA796B69ADB} = {49EA8715-15AA-459E-853A-0928F6E1823B}
		{2E13E42A-0232-41D5-9D20-FC5C2D9C0C79} = {256661BB-F264-44F8-ADA0-806263A84A31}
		{D568A6E7-CD04-47A3-BD8E-03A62AF91DD4} = {2E13E42A-0232-41D5-9D20-FC5C2D9C0C79}
		{6C5BC159-42FC-48E4-9432-241C83D85573} = {AB871561-031C-4D42-BF6F-DEE0BA47EF8D}
		{5548B2E6-3553-46B0-A7E9-3F2CBB8F49D0} = {AB871561-031C-4D42-BF6F-DEE0BA47EF8D}
		{836FA67A-6A01-4541-A5AD-E07421F15D9F} = {256661BB-F264-44F8-ADA0-806263A84A31}
		{27B5C204-5590-449C-BA2F-013B8C403676} = {836FA67A-6A01-4541-A5AD-E07421F15D9F}
		{A190252A-38BC-41FE-8307-6333C02BFAEC} = {834B1B2B-CFD9-40DB-859D-785E60F26DF1}
		{17559365-7729-4E56-A165-6981032DF26B} = {256661BB-F264-44F8-ADA0-806263A84A31}
		{AED21426-29ED-4B4E-964C-06D1190B9025} = {17559365-7729-4E56-A165-6981032DF26B}
		{6FE0CBA3-9D43-4E6B-A973-33E54EF217B7} = {256661BB-F264-44F8-ADA0-806263A84A31}
		{5A59F319-BB51-49F8-9AF0-7E6C8E235709} = {6FE0CBA3-9D43-4E6B-A973-33E54EF217B7}
		{3CE87493-2593-4829-98A3-D6C73936A88A} = {256661BB-F264-44F8-ADA0-806263A84A31}
		{E9FF3A7D-B7D8-4468-891C-01163A95B6EC} = {3CE87493-2593-4829-98A3-D6C73936A88A}
		{E581E06B-303F-4A6B-86F0-66D7F7C0B1CE} = {256661BB-F264-44F8-ADA0-806263A84A31}
		{4CE56CB8-A7FE-4068-8945-8355D2AB6AB6} = {E581E06B-303F-4A6B-86F0-66D7F7C0B1CE}
		{CAAE0441-653C-4A09-82DC-8EB21B61B927} = {6FE0CBA3-9D43-4E6B-A973-33E54EF217B7}
		{8E3E0758-A6AE-498C-B8A2-9D8CFAB57491} = {256661BB-F264-44F8-ADA0-806263A84A31}
		{7C189C24-682E-423D-A268-60CAC89B6EDB} = {8E3E0758-A6AE-498C-B8A2-9D8CFAB57491}
		{64D3D5E4-5ED7-45E7-97A4-15F5EE75148A} = {2A3C623F-40D1-4431-8CCC-05A90224FD50}
	EndGlobalSection
	GlobalSection(ExtensibilityGlobals) = postSolution
		SolutionGuid = {72C0A343-19CB-4D24-B75B-BD88FBD32BD4}
	EndGlobalSection
EndGlobal
